
Microsoft Visual Studio Solution File, Format Version 12.00
# Visual Studio Version 16
VisualStudioVersion = 16.0.30717.126
MinimumVisualStudioVersion = 10.0.40219.1
Project("{FAE04EC0-301F-11D3-BF4B-00C04F79EFBC}") = "EmployeeManagementAPI", "EmployeeManagementAPI\EmployeeManagementAPI.csproj", "{296646D4-B524-4D2F-AC3A-0E556C636551}"
EndProject
Global
	GlobalSection(SolutionConfigurationPlatforms) = preSolution
		Debug|Any CPU = Debug|Any CPU
		Release|Any CPU = Release|Any CPU
	EndGlobalSection
	GlobalSection(ProjectConfigurationPlatforms) = postSolution
		{296646D4-B524-4D2F-AC3A-0E556C636551}.Debug|Any CPU.ActiveCfg = Debug|Any CPU
		{296646D4-B524-4D2F-AC3A-0E556C636551}.Debug|Any CPU.Build.0 = Debug|Any CPU
		{296646D4-B524-4D2F-AC3A-0E556C636551}.Release|Any CPU.ActiveCfg = Release|Any CPU
		{296646D4-B524-4D2F-AC3A-0E556C636551}.Release|Any CPU.Build.0 = Release|Any CPU
	EndGlobalSection
	GlobalSection(SolutionProperties) = preSolution
		HideSolutionNode = FALSE
	EndGlobalSection
	GlobalSection(ExtensibilityGlobals) = postSolution
		SolutionGuid = {17AE6F08-A4BF-4361-9DCF-FBBC1B8D5603}
	EndGlobalSection
EndGlobal
